
Microsoft Visual Studio Solution File, Format Version 12.00
# Visual Studio Version 17
VisualStudioVersion = 17.8.34330.188
MinimumVisualStudioVersion = 10.0.40219.1
Project("{FAE04EC0-301F-11D3-BF4B-00C04F79EFBC}") = "Aplicatie", "Aplicatie.csproj", "{CCCF3878-FF85-4D1D-BD6F-7ADB14FFA380}"
EndProject
Global
	GlobalSection(SolutionConfigurationPlatforms) = preSolution
		Debug|Any CPU = Debug|Any CPU
		Release|Any CPU = Release|Any CPU
	EndGlobalSection
	GlobalSection(ProjectConfigurationPlatforms) = postSolution
		{CCCF3878-FF85-4D1D-BD6F-7ADB14FFA380}.Debug|Any CPU.ActiveCfg = Debug|Any CPU
		{CCCF3878-FF85-4D1D-BD6F-7ADB14FFA380}.Debug|Any CPU.Build.0 = Debug|Any CPU
		{CCCF3878-FF85-4D1D-BD6F-7ADB14FFA380}.Debug|Any CPU.Deploy.0 = Debug|Any CPU
		{CCCF3878-FF85-4D1D-BD6F-7ADB14FFA380}.Release|Any CPU.ActiveCfg = Release|Any CPU
		{CCCF3878-FF85-4D1D-BD6F-7ADB14FFA380}.Release|Any CPU.Build.0 = Release|Any CPU
		{CCCF3878-FF85-4D1D-BD6F-7ADB14FFA380}.Release|Any CPU.Deploy.0 = Release|Any CPU
	EndGlobalSection
	GlobalSection(SolutionProperties) = preSolution
		HideSolutionNode = FALSE
	EndGlobalSection
	GlobalSection(ExtensibilityGlobals) = postSolution
		SolutionGuid = {3277ECA5-9203-4608-8614-A01AEF3575FF}
	EndGlobalSection
EndGlobal
